
Microsoft Visual Studio Solution File, Format Version 12.00
# Visual Studio Version 16
VisualStudioVersion = 16.0.33920.266
MinimumVisualStudioVersion = 10.0.40219.1
Project("{FAE04EC0-301F-11D3-BF4B-00C04F79EFBC}") = "DWBIProjectAPI", "DWBIProjectAPI\DWBIProjectAPI.csproj", "{98944E97-07DE-411B-A920-12670E9B0FD6}"
EndProject
Project("{FAE04EC0-301F-11D3-BF4B-00C04F79EFBC}") = "DWBIProjectAPI.Tests", "DWBIProjectAPI.Tests\DWBIProjectAPI.Tests.csproj", "{9671AB8E-3549-489D-938F-3C75BE88297C}"
EndProject
Global
	GlobalSection(SolutionConfigurationPlatforms) = preSolution
		Debug|Any CPU = Debug|Any CPU
		Release|Any CPU = Release|Any CPU
	EndGlobalSection
	GlobalSection(ProjectConfigurationPlatforms) = postSolution
		{98944E97-07DE-411B-A920-12670E9B0FD6}.Debug|Any CPU.ActiveCfg = Debug|Any CPU
		{98944E97-07DE-411B-A920-12670E9B0FD6}.Debug|Any CPU.Build.0 = Debug|Any CPU
		{98944E97-07DE-411B-A920-12670E9B0FD6}.Release|Any CPU.ActiveCfg = Release|Any CPU
		{98944E97-07DE-411B-A920-12670E9B0FD6}.Release|Any CPU.Build.0 = Release|Any CPU
		{9671AB8E-3549-489D-938F-3C75BE88297C}.Debug|Any CPU.ActiveCfg = Debug|Any CPU
		{9671AB8E-3549-489D-938F-3C75BE88297C}.Debug|Any CPU.Build.0 = Debug|Any CPU
		{9671AB8E-3549-489D-938F-3C75BE88297C}.Release|Any CPU.ActiveCfg = Release|Any CPU
		{9671AB8E-3549-489D-938F-3C75BE88297C}.Release|Any CPU.Build.0 = Release|Any CPU
	EndGlobalSection
	GlobalSection(SolutionProperties) = preSolution
		HideSolutionNode = FALSE
	EndGlobalSection
	GlobalSection(ExtensibilityGlobals) = postSolution
		SolutionGuid = {306D7021-C6DB-4CE0-B578-148B656392AC}
	EndGlobalSection
EndGlobal
